// !$*UTF8*$!
{
	archiveVersion = 1;
	classes = {
	};
	objectVersion = 46;
	objects = {

/* Begin PBXBuildFile section */
		3847F6181BE02677002524A7 /* main.m in Sources */ = {isa = PBXBuildFile; fileRef = 3847F6171BE02677002524A7 /* main.m */; };
		3847F61B1BE02677002524A7 /* AppDelegate.m in Sources */ = {isa = PBXBuildFile; fileRef = 3847F61A1BE02677002524A7 /* AppDelegate.m */; };
		3847F6231BE02677002524A7 /* Assets.xcassets in Resources */ = {isa = PBXBuildFile; fileRef = 3847F6221BE02677002524A7 /* Assets.xcassets */; };
		3847F6261BE02677002524A7 /* LaunchScreen.storyboard in Resources */ = {isa = PBXBuildFile; fileRef = 3847F6241BE02677002524A7 /* LaunchScreen.storyboard */; };
		3847F6301BE026E2002524A7 /* MainViewController.m in Sources */ = {isa = PBXBuildFile; fileRef = 3847F62E1BE026E2002524A7 /* MainViewController.m */; };
		3847F6311BE026E2002524A7 /* MainViewController.xib in Resources */ = {isa = PBXBuildFile; fileRef = 3847F62F1BE026E2002524A7 /* MainViewController.xib */; };
		3847F6351BE0359E002524A7 /* FiltersViewController.m in Sources */ = {isa = PBXBuildFile; fileRef = 3847F6331BE0359E002524A7 /* FiltersViewController.m */; };
		3847F6361BE0359E002524A7 /* FiltersViewController.xib in Resources */ = {isa = PBXBuildFile; fileRef = 3847F6341BE0359E002524A7 /* FiltersViewController.xib */; };
		3847F63A1BE037FE002524A7 /* SwitchCell.m in Sources */ = {isa = PBXBuildFile; fileRef = 3847F6381BE037FE002524A7 /* SwitchCell.m */; };
		3847F63B1BE037FE002524A7 /* SwitchCell.xib in Resources */ = {isa = PBXBuildFile; fileRef = 3847F6391BE037FE002524A7 /* SwitchCell.xib */; };
/* End PBXBuildFile section */

/* Begin PBXFileReference section */
		3847F6131BE02677002524A7 /* Yelp.app */ = {isa = PBXFileReference; explicitFileType = wrapper.application; includeInIndex = 0; path = Yelp.app; sourceTree = BUILT_PRODUCTS_DIR; };
		3847F6171BE02677002524A7 /* main.m */ = {isa = PBXFileReference; lastKnownFileType = sourcecode.c.objc; path = main.m; sourceTree = "<group>"; };
		3847F6191BE02677002524A7 /* AppDelegate.h */ = {isa = PBXFileReference; lastKnownFileType = sourcecode.c.h; path = AppDelegate.h; sourceTree = "<group>"; };
		3847F61A1BE02677002524A7 /* AppDelegate.m */ = {isa = PBXFileReference; lastKnownFileType = sourcecode.c.objc; path = AppDelegate.m; sourceTree = "<group>"; };
		3847F6221BE02677002524A7 /* Assets.xcassets */ = {isa = PBXFileReference; lastKnownFileType = folder.assetcatalog; path = Assets.xcassets; sourceTree = "<group>"; };
		3847F6251BE02677002524A7 /* Base */ = {isa = PBXFileReference; lastKnownFileType = file.storyboard; name = Base; path = Base.lproj/LaunchScreen.storyboard; sourceTree = "<group>"; };
		3847F6271BE02677002524A7 /* Info.plist */ = {isa = PBXFileReference; lastKnownFileType = text.plist.xml; path = Info.plist; sourceTree = "<group>"; };
		3847F62D1BE026E2002524A7 /* MainViewController.h */ = {isa = PBXFileReference; fileEncoding = 4; lastKnownFileType = sourcecode.c.h; path = MainViewController.h; sourceTree = "<group>"; };
		3847F62E1BE026E2002524A7 /* MainViewController.m */ = {isa = PBXFileReference; fileEncoding = 4; lastKnownFileType = sourcecode.c.objc; path = MainViewController.m; sourceTree = "<group>"; };
		3847F62F1BE026E2002524A7 /* MainViewController.xib */ = {isa = PBXFileReference; fileEncoding = 4; lastKnownFileType = file.xib; path = MainViewController.xib; sourceTree = "<group>"; };
		3847F6321BE0359E002524A7 /* FiltersViewController.h */ = {isa = PBXFileReference; fileEncoding = 4; lastKnownFileType = sourcecode.c.h; path = FiltersViewController.h; sourceTree = "<group>"; };
		3847F6331BE0359E002524A7 /* FiltersViewController.m */ = {isa = PBXFileReference; fileEncoding = 4; lastKnownFileType = sourcecode.c.objc; path = FiltersViewController.m; sourceTree = "<group>"; };
		3847F6341BE0359E002524A7 /* FiltersViewController.xib */ = {isa = PBXFileReference; fileEncoding = 4; lastKnownFileType = file.xib; path = FiltersViewController.xib; sourceTree = "<group>"; };
		3847F6371BE037FE002524A7 /* SwitchCell.h */ = {isa = PBXFileReference; fileEncoding = 4; lastKnownFileType = sourcecode.c.h; path = SwitchCell.h; sourceTree = "<group>"; };
		3847F6381BE037FE002524A7 /* SwitchCell.m */ = {isa = PBXFileReference; fileEncoding = 4; lastKnownFileType = sourcecode.c.objc; path = SwitchCell.m; sourceTree = "<group>"; };
		3847F6391BE037FE002524A7 /* SwitchCell.xib */ = {isa = PBXFileReference; fileEncoding = 4; lastKnownFileType = file.xib; path = SwitchCell.xib; sourceTree = "<group>"; };
/* End PBXFileReference section */

/* Begin PBXFrameworksBuildPhase section */
		3847F6101BE02677002524A7 /* Frameworks */ = {
			isa = PBXFrameworksBuildPhase;
			buildActionMask = 2147483647;
			files = (
			);
			runOnlyForDeploymentPostprocessing = 0;
		};
/* End PBXFrameworksBuildPhase section */

/* Begin PBXGroup section */
		3847F60A1BE02677002524A7 = {
			isa = PBXGroup;
			children = (
				3847F63D1BE03825002524A7 /* Views */,
				3847F63C1BE0380C002524A7 /* ViewControllers */,
				3847F6151BE02677002524A7 /* Yelp */,
				3847F6141BE02677002524A7 /* Products */,
			);
			sourceTree = "<group>";
		};
		3847F6141BE02677002524A7 /* Products */ = {
			isa = PBXGroup;
			children = (
				3847F6131BE02677002524A7 /* Yelp.app */,
			);
			name = Products;
			sourceTree = "<group>";
		};
		3847F6151BE02677002524A7 /* Yelp */ = {
			isa = PBXGroup;
			children = (
				3847F6191BE02677002524A7 /* AppDelegate.h */,
				3847F61A1BE02677002524A7 /* AppDelegate.m */,
				3847F6221BE02677002524A7 /* Assets.xcassets */,
				3847F6241BE02677002524A7 /* LaunchScreen.storyboard */,
				3847F6271BE02677002524A7 /* Info.plist */,
				3847F6161BE02677002524A7 /* Supporting Files */,
			);
			path = Yelp;
			sourceTree = "<group>";
		};
		3847F6161BE02677002524A7 /* Supporting Files */ = {
			isa = PBXGroup;
			children = (
				3847F6171BE02677002524A7 /* main.m */,
			);
			name = "Supporting Files";
			sourceTree = "<group>";
		};
		3847F63C1BE0380C002524A7 /* ViewControllers */ = {
			isa = PBXGroup;
			children = (
				3847F62D1BE026E2002524A7 /* MainViewController.h */,
				3847F62E1BE026E2002524A7 /* MainViewController.m */,
				3847F62F1BE026E2002524A7 /* MainViewController.xib */,
				3847F6321BE0359E002524A7 /* FiltersViewController.h */,
				3847F6331BE0359E002524A7 /* FiltersViewController.m */,
				3847F6341BE0359E002524A7 /* FiltersViewController.xib */,
			);
			name = ViewControllers;
			sourceTree = "<group>";
		};
		3847F63D1BE03825002524A7 /* Views */ = {
			isa = PBXGroup;
			children = (
				3847F6371BE037FE002524A7 /* SwitchCell.h */,
				3847F6381BE037FE002524A7 /* SwitchCell.m */,
				3847F6391BE037FE002524A7 /* SwitchCell.xib */,
			);
			name = Views;
			sourceTree = "<group>";
		};
/* End PBXGroup section */

/* Begin PBXNativeTarget section */
		3847F6121BE02677002524A7 /* Yelp */ = {
			isa = PBXNativeTarget;
			buildConfigurationList = 3847F62A1BE02677002524A7 /* Build configuration list for PBXNativeTarget "Yelp" */;
			buildPhases = (
				3847F60F1BE02677002524A7 /* Sources */,
				3847F6101BE02677002524A7 /* Frameworks */,
				3847F6111BE02677002524A7 /* Resources */,
			);
			buildRules = (
			);
			dependencies = (
			);
			name = Yelp;
			productName = Yelp;
			productReference = 3847F6131BE02677002524A7 /* Yelp.app */;
			productType = "com.apple.product-type.application";
		};
/* End PBXNativeTarget section */

/* Begin PBXProject section */
		3847F60B1BE02677002524A7 /* Project object */ = {
			isa = PBXProject;
			attributes = {
				LastUpgradeCheck = 0710;
				ORGANIZATIONNAME = Grey;
				TargetAttributes = {
					3847F6121BE02677002524A7 = {
						CreatedOnToolsVersion = 7.1;
					};
				};
			};
			buildConfigurationList = 3847F60E1BE02677002524A7 /* Build configuration list for PBXProject "Yelp" */;
			compatibilityVersion = "Xcode 3.2";
			developmentRegion = English;
			hasScannedForEncodings = 0;
			knownRegions = (
				en,
				Base,
			);
			mainGroup = 3847F60A1BE02677002524A7;
			productRefGroup = 3847F6141BE02677002524A7 /* Products */;
			projectDirPath = "";
			projectRoot = "";
			targets = (
				3847F6121BE02677002524A7 /* Yelp */,
			);
		};
/* End PBXProject section */

/* Begin PBXResourcesBuildPhase section */
		3847F6111BE02677002524A7 /* Resources */ = {
			isa = PBXResourcesBuildPhase;
			buildActionMask = 2147483647;
			files = (
				3847F6261BE02677002524A7 /* LaunchScreen.storyboard in Resources */,
				3847F6311BE026E2002524A7 /* MainViewController.xib in Resources */,
				3847F6361BE0359E002524A7 /* FiltersViewController.xib in Resources */,
				3847F6231BE02677002524A7 /* Assets.xcassets in Resources */,
				3847F63B1BE037FE002524A7 /* SwitchCell.xib in Resources */,
			);
			runOnlyForDeploymentPostprocessing = 0;
		};
/* End PBXResourcesBuildPhase section */

/* Begin PBXSourcesBuildPhase section */
		3847F60F1BE02677002524A7 /* Sources */ = {
			isa = PBXSourcesBuildPhase;
			buildActionMask = 2147483647;
			files = (
				3847F61B1BE02677002524A7 /* AppDelegate.m in Sources */,
				3847F6301BE026E2002524A7 /* MainViewController.m in Sources */,
				3847F6351BE0359E002524A7 /* FiltersViewController.m in Sources */,
				3847F6181BE02677002524A7 /* main.m in Sources */,
				3847F63A1BE037FE002524A7 /* SwitchCell.m in Sources */,
			);
			runOnlyForDeploymentPostprocessing = 0;
		};
/* End PBXSourcesBuildPhase section */

/* Begin PBXVariantGroup section */
		3847F6241BE02677002524A7 /* LaunchScreen.storyboard */ = {
			isa = PBXVariantGroup;
			children = (
				3847F6251BE02677002524A7 /* Base */,
			);
			name = LaunchScreen.storyboard;
			sourceTree = "<group>";
		};
/* End PBXVariantGroup section */

/* Begin XCBuildConfiguration section */
		3847F6281BE02677002524A7 /* Debug */ = {
			isa = XCBuildConfiguration;
			buildSettings = {
				ALWAYS_SEARCH_USER_PATHS = NO;
				CLANG_CXX_LANGUAGE_STANDARD = "gnu++0x";
				CLANG_CXX_LIBRARY = "libc++";
				CLANG_ENABLE_MODULES = YES;
				CLANG_ENABLE_OBJC_ARC = YES;
				CLANG_WARN_BOOL_CONVERSION = YES;
				CLANG_WARN_CONSTANT_CONVERSION = YES;
				CLANG_WARN_DIRECT_OBJC_ISA_USAGE = YES_ERROR;
				CLANG_WARN_EMPTY_BODY = YES;
				CLANG_WARN_ENUM_CONVERSION = YES;
				CLANG_WARN_INT_CONVERSION = YES;
				CLANG_WARN_OBJC_ROOT_CLASS = YES_ERROR;
				CLANG_WARN_UNREACHABLE_CODE = YES;
				CLANG_WARN__DUPLICATE_METHOD_MATCH = YES;
				"CODE_SIGN_IDENTITY[sdk=iphoneos*]" = "iPhone Developer";
				COPY_PHASE_STRIP = NO;
				DEBUG_INFORMATION_FORMAT = dwarf;
				ENABLE_STRICT_OBJC_MSGSEND = YES;
				ENABLE_TESTABILITY = YES;
				GCC_C_LANGUAGE_STANDARD = gnu99;
				GCC_DYNAMIC_NO_PIC = NO;
				GCC_NO_COMMON_BLOCKS = YES;
				GCC_OPTIMIZATION_LEVEL = 0;
				GCC_PREPROCESSOR_DEFINITIONS = (
					"DEBUG=1",
					"$(inherited)",
				);
				GCC_WARN_64_TO_32_BIT_CONVERSION = YES;
				GCC_WARN_ABOUT_RETURN_TYPE = YES_ERROR;
				GCC_WARN_UNDECLARED_SELECTOR = YES;
				GCC_WARN_UNINITIALIZED_AUTOS = YES_AGGRESSIVE;
				GCC_WARN_UNUSED_FUNCTION = YES;
				GCC_WARN_UNUSED_VARIABLE = YES;
				IPHONEOS_DEPLOYMENT_TARGET = 9.1;
				MTL_ENABLE_DEBUG_INFO = YES;
				ONLY_ACTIVE_ARCH = YES;
				SDKROOT = iphoneos;
				TARGETED_DEVICE_FAMILY = "1,2";
			};
			name = Debug;
		};
		3847F6291BE02677002524A7 /* Release */ = {
			isa = XCBuildConfiguration;
			buildSettings = {
				ALWAYS_SEARCH_USER_PATHS = NO;
				CLANG_CXX_LANGUAGE_STANDARD = "gnu++0x";
				CLANG_CXX_LIBRARY = "libc++";
				CLANG_ENABLE_MODULES = YES;
				CLANG_ENABLE_OBJC_ARC = YES;
				CLANG_WARN_BOOL_CONVERSION = YES;
				CLANG_WARN_CONSTANT_CONVERSION = YES;
				CLANG_WARN_DIRECT_OBJC_ISA_USAGE = YES_ERROR;
				CLANG_WARN_EMPTY_BODY = YES;
				CLANG_WARN_ENUM_CONVERSION = YES;
				CLANG_WARN_INT_CONVERSION = YES;
				CLANG_WARN_OBJC_ROOT_CLASS = YES_ERROR;
				CLANG_WARN_UNREACHABLE_CODE = YES;
				CLANG_WARN__DUPLICATE_METHOD_MATCH = YES;
				"CODE_SIGN_IDENTITY[sdk=iphoneos*]" = "iPhone Developer";
				COPY_PHASE_STRIP = NO;
				DEBUG_INFORMATION_FORMAT = "dwarf-with-dsym";
				ENABLE_NS_ASSERTIONS = NO;
				ENABLE_STRICT_OBJC_MSGSEND = YES;
				GCC_C_LANGUAGE_STANDARD = gnu99;
				GCC_NO_COMMON_BLOCKS = YES;
				GCC_WARN_64_TO_32_BIT_CONVERSION = YES;
				GCC_WARN_ABOUT_RETURN_TYPE = YES_ERROR;
				GCC_WARN_UNDECLARED_SELECTOR = YES;
				GCC_WARN_UNINITIALIZED_AUTOS = YES_AGGRESSIVE;
				GCC_WARN_UNUSED_FUNCTION = YES;
				GCC_WARN_UNUSED_VARIABLE = YES;
				IPHONEOS_DEPLOYMENT_TARGET = 9.1;
				MTL_ENABLE_DEBUG_INFO = NO;
				SDKROOT = iphoneos;
				TARGETED_DEVICE_FAMILY = "1,2";
				VALIDATE_PRODUCT = YES;
			};
			name = Release;
		};
		3847F62B1BE02677002524A7 /* Debug */ = {
			isa = XCBuildConfiguration;
			buildSettings = {
				ASSETCATALOG_COMPILER_APPICON_NAME = AppIcon;
				INFOPLIST_FILE = Yelp/Info.plist;
				LD_RUNPATH_SEARCH_PATHS = "$(inherited) @executable_path/Frameworks";
				PRODUCT_BUNDLE_IDENTIFIER = Grey.Yelp;
				PRODUCT_NAME = "$(TARGET_NAME)";
			};
			name = Debug;
		};
		3847F62C1BE02677002524A7 /* Release */ = {
			isa = XCBuildConfiguration;
			buildSettings = {
				ASSETCATALOG_COMPILER_APPICON_NAME = AppIcon;
				INFOPLIST_FILE = Yelp/Info.plist;
				LD_RUNPATH_SEARCH_PATHS = "$(inherited) @executable_path/Frameworks";
				PRODUCT_BUNDLE_IDENTIFIER = Grey.Yelp;
				PRODUCT_NAME = "$(TARGET_NAME)";
			};
			name = Release;
		};
/* End XCBuildConfiguration section */

/* Begin XCConfigurationList section */
		3847F60E1BE02677002524A7 /* Build configuration list for PBXProject "Yelp" */ = {
			isa = XCConfigurationList;
			buildConfigurations = (
				3847F6281BE02677002524A7 /* Debug */,
				3847F6291BE02677002524A7 /* Release */,
			);
			defaultConfigurationIsVisible = 0;
			defaultConfigurationName = Release;
		};
		3847F62A1BE02677002524A7 /* Build configuration list for PBXNativeTarget "Yelp" */ = {
			isa = XCConfigurationList;
			buildConfigurations = (
				3847F62B1BE02677002524A7 /* Debug */,
				3847F62C1BE02677002524A7 /* Release */,
			);
			defaultConfigurationIsVisible = 0;
		};
/* End XCConfigurationList section */
	};
	rootObject = 3847F60B1BE02677002524A7 /* Project object */;
}
